# This file was autogenerated by Stack.
# You should not edit this file by hand.
# For more information, please see the documentation at:
#   https://docs.haskellstack.org/en/stable/lock_files

packages:
- completed:
    name: dbg
    pantry-tree:
      sha256: 6a49f65e20de5321bc41c0d0087b9e5f126a29a56c2ac1c1d2da8be0f5b47adf
      size: 733
    sha256: a45b25fd69a1f9cab9f07fd3f3d5292614f4e4a73353b1853d65dd9c2051df1e
    size: 5711
    url: https://github.com/Futarimiti/dbg/archive/280930258b930128461a54beed51274b5c5d0bc7.tar.gz
    version: 0.1.0.0
  original:
    url: https://github.com/Futarimiti/dbg/archive/280930258b930128461a54beed51274b5c5d0bc7.tar.gz
- completed:
    hackage: monad-dijkstra-0.1.1.5@sha256:5da72b0c58e619ca7856f4535e5a63cbbf61f55c043cde46fb0bc6d6f0cf93f4,1776
    pantry-tree:
      sha256: b2a9e30ad0854ec4cd9ced199f6d90bcd80b11dddb1a13c95c8a669377ce91a8
      size: 434
  original:
    hackage: monad-dijkstra-0.1.1.5@sha256:5da72b0c58e619ca7856f4535e5a63cbbf61f55c043cde46fb0bc6d6f0cf93f4,1776
snapshots:
- completed:
    sha256: 176e8e87a19f7f3788415e5c390cdf2c24ce5eac756dbb1dec0d306168a2bc87
    size: 602620
    url: https://raw.githubusercontent.com/commercialhaskell/stackage-snapshots/master/nightly/2024/12/11.yaml
  original: nightly-2024-12-11
